
Microsoft Visual Studio Solution File, Format Version 12.00
# Visual Studio Version 16
VisualStudioVersion = 16.0.32510.428
MinimumVisualStudioVersion = 10.0.40219.1
Project("{FAE04EC0-301F-11D3-BF4B-00C04F79EFBC}") = "RealisationMVCPattern", "RealisationMVCPattern\RealisationMVCPattern.csproj", "{9E6017C9-C6DA-48B9-9535-FB9816DEAA62}"
EndProject
Global
	GlobalSection(SolutionConfigurationPlatforms) = preSolution
		Debug|Any CPU = Debug|Any CPU
		Release|Any CPU = Release|Any CPU
	EndGlobalSection
	GlobalSection(ProjectConfigurationPlatforms) = postSolution
		{9E6017C9-C6DA-48B9-9535-FB9816DEAA62}.Debug|Any CPU.ActiveCfg = Debug|Any CPU
		{9E6017C9-C6DA-48B9-9535-FB9816DEAA62}.Debug|Any CPU.Build.0 = Debug|Any CPU
		{9E6017C9-C6DA-48B9-9535-FB9816DEAA62}.Release|Any CPU.ActiveCfg = Release|Any CPU
		{9E6017C9-C6DA-48B9-9535-FB9816DEAA62}.Release|Any CPU.Build.0 = Release|Any CPU
	EndGlobalSection
	GlobalSection(SolutionProperties) = preSolution
		HideSolutionNode = FALSE
	EndGlobalSection
	GlobalSection(ExtensibilityGlobals) = postSolution
		SolutionGuid = {E3FD5677-A72E-467C-8DDE-8C26A37F86AD}
	EndGlobalSection
EndGlobal
